
Microsoft Visual Studio Solution File, Format Version 12.00
# Visual Studio 14
VisualStudioVersion = 14.0.23107.0
MinimumVisualStudioVersion = 10.0.40219.1
Project("{FAE04EC0-301F-11D3-BF4B-00C04F79EFBC}") = "DependencyAnalyser", "DependencyAnalyser\DependencyAnalyser.csproj", "{C251D67B-A039-419B-AC90-23B6B710B387}"
EndProject
Project("{FAE04EC0-301F-11D3-BF4B-00C04F79EFBC}") = "DependencySummary", "DependencySummary\DependencySummary.csproj", "{B4CC62BD-BC04-4B5D-86CD-8DF0F6CBE4A0}"
EndProject
Global
	GlobalSection(SolutionConfigurationPlatforms) = preSolution
		Debug|Any CPU = Debug|Any CPU
		Release|Any CPU = Release|Any CPU
	EndGlobalSection
	GlobalSection(ProjectConfigurationPlatforms) = postSolution
		{C251D67B-A039-419B-AC90-23B6B710B387}.Debug|Any CPU.ActiveCfg = Debug|Any CPU
		{C251D67B-A039-419B-AC90-23B6B710B387}.Debug|Any CPU.Build.0 = Debug|Any CPU
		{C251D67B-A039-419B-AC90-23B6B710B387}.Release|Any CPU.ActiveCfg = Release|Any CPU
		{C251D67B-A039-419B-AC90-23B6B710B387}.Release|Any CPU.Build.0 = Release|Any CPU
		{B4CC62BD-BC04-4B5D-86CD-8DF0F6CBE4A0}.Debug|Any CPU.ActiveCfg = Debug|Any CPU
		{B4CC62BD-BC04-4B5D-86CD-8DF0F6CBE4A0}.Debug|Any CPU.Build.0 = Debug|Any CPU
		{B4CC62BD-BC04-4B5D-86CD-8DF0F6CBE4A0}.Release|Any CPU.ActiveCfg = Release|Any CPU
		{B4CC62BD-BC04-4B5D-86CD-8DF0F6CBE4A0}.Release|Any CPU.Build.0 = Release|Any CPU
	EndGlobalSection
	GlobalSection(SolutionProperties) = preSolution
		HideSolutionNode = FALSE
	EndGlobalSection
EndGlobal
